// !$*UTF8*$!
{
	archiveVersion = 1;
	classes = {
	};
	objectVersion = 55;
	objects = {

/* Begin PBXBuildFile section */
		1AAF5510542316472E20CF5C /* Pods_LottieApp.framework in Frameworks */ = {isa = PBXBuildFile; fileRef = 3AF5A76C2832C134DB21F9C6 /* Pods_LottieApp.framework */; };
		2CCE87EE73FAD8731AB8E9A9 /* Pods_LottieAppTests.framework in Frameworks */ = {isa = PBXBuildFile; fileRef = 55C305AA8B3A96FB4303817B /* Pods_LottieAppTests.framework */; };
		DCBC1A33D826C3270C4DD90C /* Pods_LottieApp_LottieAppUITests.framework in Frameworks */ = {isa = PBXBuildFile; fileRef = 9C312B98DC37A8B73E9165C8 /* Pods_LottieApp_LottieAppUITests.framework */; };
		E775941D280A5FD600EE7E04 /* AppDelegate.swift in Sources */ = {isa = PBXBuildFile; fileRef = E775941C280A5FD600EE7E04 /* AppDelegate.swift */; };
		E775941F280A5FD600EE7E04 /* SceneDelegate.swift in Sources */ = {isa = PBXBuildFile; fileRef = E775941E280A5FD600EE7E04 /* SceneDelegate.swift */; };
		E7759421280A5FD600EE7E04 /* ViewController.swift in Sources */ = {isa = PBXBuildFile; fileRef = E7759420280A5FD600EE7E04 /* ViewController.swift */; };
		E7759424280A5FD600EE7E04 /* Main.storyboard in Resources */ = {isa = PBXBuildFile; fileRef = E7759422280A5FD600EE7E04 /* Main.storyboard */; };
		E7759426280A5FD700EE7E04 /* Assets.xcassets in Resources */ = {isa = PBXBuildFile; fileRef = E7759425280A5FD700EE7E04 /* Assets.xcassets */; };
		E7759429280A5FD700EE7E04 /* LaunchScreen.storyboard in Resources */ = {isa = PBXBuildFile; fileRef = E7759427280A5FD700EE7E04 /* LaunchScreen.storyboard */; };
		E7759434280A5FD800EE7E04 /* LottieAppTests.swift in Sources */ = {isa = PBXBuildFile; fileRef = E7759433280A5FD800EE7E04 /* LottieAppTests.swift */; };
		E775943E280A5FD800EE7E04 /* LottieAppUITests.swift in Sources */ = {isa = PBXBuildFile; fileRef = E775943D280A5FD800EE7E04 /* LottieAppUITests.swift */; };
		E7759440280A5FD800EE7E04 /* LottieAppUITestsLaunchTests.swift in Sources */ = {isa = PBXBuildFile; fileRef = E775943F280A5FD800EE7E04 /* LottieAppUITestsLaunchTests.swift */; };
		E775944D280A627A00EE7E04 /* cute-cat.json in Resources */ = {isa = PBXBuildFile; fileRef = E775944C280A627A00EE7E04 /* cute-cat.json */; };
		E775944F280A635C00EE7E04 /* LottieAnimation.swift in Sources */ = {isa = PBXBuildFile; fileRef = E775944E280A635C00EE7E04 /* LottieAnimation.swift */; };
		E7759451280A649C00EE7E04 /* infinity-loader.json in Resources */ = {isa = PBXBuildFile; fileRef = E7759450280A649C00EE7E04 /* infinity-loader.json */; };
/* End PBXBuildFile section */

/* Begin PBXContainerItemProxy section */
		E7759430280A5FD800EE7E04 /* PBXContainerItemProxy */ = {
			isa = PBXContainerItemProxy;
			containerPortal = E7759411280A5FD600EE7E04 /* Project object */;
			proxyType = 1;
			remoteGlobalIDString = E7759418280A5FD600EE7E04;
			remoteInfo = LottieApp;
		};
		E775943A280A5FD800EE7E04 /* PBXContainerItemProxy */ = {
			isa = PBXContainerItemProxy;
			containerPortal = E7759411280A5FD600EE7E04 /* Project object */;
			proxyType = 1;
			remoteGlobalIDString = E7759418280A5FD600EE7E04;
			remoteInfo = LottieApp;
		};
/* End PBXContainerItemProxy section */

/* Begin PBXFileReference section */
		32D54B1FC51DEFD08984934F /* Pods-LottieAppTests.debug.xcconfig */ = {isa = PBXFileReference; includeInIndex = 1; lastKnownFileType = text.xcconfig; name = "Pods-LottieAppTests.debug.xcconfig"; path = "Target Support Files/Pods-LottieAppTests/Pods-LottieAppTests.debug.xcconfig"; sourceTree = "<group>"; };
		3AF5A76C2832C134DB21F9C6 /* Pods_LottieApp.framework */ = {isa = PBXFileReference; explicitFileType = wrapper.framework; includeInIndex = 0; path = Pods_LottieApp.framework; sourceTree = BUILT_PRODUCTS_DIR; };
		55C305AA8B3A96FB4303817B /* Pods_LottieAppTests.framework */ = {isa = PBXFileReference; explicitFileType = wrapper.framework; includeInIndex = 0; path = Pods_LottieAppTests.framework; sourceTree = BUILT_PRODUCTS_DIR; };
		97E8002745DDA8FC317F787B /* Pods-LottieApp.release.xcconfig */ = {isa = PBXFileReference; includeInIndex = 1; lastKnownFileType = text.xcconfig; name = "Pods-LottieApp.release.xcconfig"; path = "Target Support Files/Pods-LottieApp/Pods-LottieApp.release.xcconfig"; sourceTree = "<group>"; };
		9C312B98DC37A8B73E9165C8 /* Pods_LottieApp_LottieAppUITests.framework */ = {isa = PBXFileReference; explicitFileType = wrapper.framework; includeInIndex = 0; path = Pods_LottieApp_LottieAppUITests.framework; sourceTree = BUILT_PRODUCTS_DIR; };
		BA64F14E973995222AB646EA /* Pods-LottieApp-LottieAppUITests.release.xcconfig */ = {isa = PBXFileReference; includeInIndex = 1; lastKnownFileType = text.xcconfig; name = "Pods-LottieApp-LottieAppUITests.release.xcconfig"; path = "Target Support Files/Pods-LottieApp-LottieAppUITests/Pods-LottieApp-LottieAppUITests.release.xcconfig"; sourceTree = "<group>"; };
		DD5F36955D25B645BCD6B17B /* Pods-LottieAppTests.release.xcconfig */ = {isa = PBXFileReference; includeInIndex = 1; lastKnownFileType = text.xcconfig; name = "Pods-LottieAppTests.release.xcconfig"; path = "Target Support Files/Pods-LottieAppTests/Pods-LottieAppTests.release.xcconfig"; sourceTree = "<group>"; };
		E7759419280A5FD600EE7E04 /* LottieApp.app */ = {isa = PBXFileReference; explicitFileType = wrapper.application; includeInIndex = 0; path = LottieApp.app; sourceTree = BUILT_PRODUCTS_DIR; };
		E775941C280A5FD600EE7E04 /* AppDelegate.swift */ = {isa = PBXFileReference; lastKnownFileType = sourcecode.swift; path = AppDelegate.swift; sourceTree = "<group>"; };
		E775941E280A5FD600EE7E04 /* SceneDelegate.swift */ = {isa = PBXFileReference; lastKnownFileType = sourcecode.swift; path = SceneDelegate.swift; sourceTree = "<group>"; };
		E7759420280A5FD600EE7E04 /* ViewController.swift */ = {isa = PBXFileReference; lastKnownFileType = sourcecode.swift; path = ViewController.swift; sourceTree = "<group>"; };
		E7759423280A5FD600EE7E04 /* Base */ = {isa = PBXFileReference; lastKnownFileType = file.storyboard; name = Base; path = Base.lproj/Main.storyboard; sourceTree = "<group>"; };
		E7759425280A5FD700EE7E04 /* Assets.xcassets */ = {isa = PBXFileReference; lastKnownFileType = folder.assetcatalog; path = Assets.xcassets; sourceTree = "<group>"; };
		E7759428280A5FD700EE7E04 /* Base */ = {isa = PBXFileReference; lastKnownFileType = file.storyboard; name = Base; path = Base.lproj/LaunchScreen.storyboard; sourceTree = "<group>"; };
		E775942A280A5FD700EE7E04 /* Info.plist */ = {isa = PBXFileReference; lastKnownFileType = text.plist.xml; path = Info.plist; sourceTree = "<group>"; };
		E775942F280A5FD800EE7E04 /* LottieAppTests.xctest */ = {isa = PBXFileReference; explicitFileType = wrapper.cfbundle; includeInIndex = 0; path = LottieAppTests.xctest; sourceTree = BUILT_PRODUCTS_DIR; };
		E7759433280A5FD800EE7E04 /* LottieAppTests.swift */ = {isa = PBXFileReference; lastKnownFileType = sourcecode.swift; path = LottieAppTests.swift; sourceTree = "<group>"; };
		E7759439280A5FD800EE7E04 /* LottieAppUITests.xctest */ = {isa = PBXFileReference; explicitFileType = wrapper.cfbundle; includeInIndex = 0; path = LottieAppUITests.xctest; sourceTree = BUILT_PRODUCTS_DIR; };
		E775943D280A5FD800EE7E04 /* LottieAppUITests.swift */ = {isa = PBXFileReference; lastKnownFileType = sourcecode.swift; path = LottieAppUITests.swift; sourceTree = "<group>"; };
		E775943F280A5FD800EE7E04 /* LottieAppUITestsLaunchTests.swift */ = {isa = PBXFileReference; lastKnownFileType = sourcecode.swift; path = LottieAppUITestsLaunchTests.swift; sourceTree = "<group>"; };
		E775944C280A627A00EE7E04 /* cute-cat.json */ = {isa = PBXFileReference; fileEncoding = 4; lastKnownFileType = text.json; path = "cute-cat.json"; sourceTree = "<group>"; };
		E775944E280A635C00EE7E04 /* LottieAnimation.swift */ = {isa = PBXFileReference; lastKnownFileType = sourcecode.swift; path = LottieAnimation.swift; sourceTree = "<group>"; };
		E7759450280A649C00EE7E04 /* infinity-loader.json */ = {isa = PBXFileReference; fileEncoding = 4; lastKnownFileType = text.json; path = "infinity-loader.json"; sourceTree = "<group>"; };
		F211F05D7F89234AECCA6E4B /* Pods-LottieApp-LottieAppUITests.debug.xcconfig */ = {isa = PBXFileReference; includeInIndex = 1; lastKnownFileType = text.xcconfig; name = "Pods-LottieApp-LottieAppUITests.debug.xcconfig"; path = "Target Support Files/Pods-LottieApp-LottieAppUITests/Pods-LottieApp-LottieAppUITests.debug.xcconfig"; sourceTree = "<group>"; };
		F4FB0DDC87AE774D07DB151C /* Pods-LottieApp.debug.xcconfig */ = {isa = PBXFileReference; includeInIndex = 1; lastKnownFileType = text.xcconfig; name = "Pods-LottieApp.debug.xcconfig"; path = "Target Support Files/Pods-LottieApp/Pods-LottieApp.debug.xcconfig"; sourceTree = "<group>"; };
/* End PBXFileReference section */

/* Begin PBXFrameworksBuildPhase section */
		E7759416280A5FD600EE7E04 /* Frameworks */ = {
			isa = PBXFrameworksBuildPhase;
			buildActionMask = 2147483647;
			files = (
				1AAF5510542316472E20CF5C /* Pods_LottieApp.framework in Frameworks */,
			);
			runOnlyForDeploymentPostprocessing = 0;
		};
		E775942C280A5FD800EE7E04 /* Frameworks */ = {
			isa = PBXFrameworksBuildPhase;
			buildActionMask = 2147483647;
			files = (
				2CCE87EE73FAD8731AB8E9A9 /* Pods_LottieAppTests.framework in Frameworks */,
			);
			runOnlyForDeploymentPostprocessing = 0;
		};
		E7759436280A5FD800EE7E04 /* Frameworks */ = {
			isa = PBXFrameworksBuildPhase;
			buildActionMask = 2147483647;
			files = (
				DCBC1A33D826C3270C4DD90C /* Pods_LottieApp_LottieAppUITests.framework in Frameworks */,
			);
			runOnlyForDeploymentPostprocessing = 0;
		};
/* End PBXFrameworksBuildPhase section */

/* Begin PBXGroup section */
		3B1899963B238BCD37C77CB3 /* Frameworks */ = {
			isa = PBXGroup;
			children = (
				3AF5A76C2832C134DB21F9C6 /* Pods_LottieApp.framework */,
				9C312B98DC37A8B73E9165C8 /* Pods_LottieApp_LottieAppUITests.framework */,
				55C305AA8B3A96FB4303817B /* Pods_LottieAppTests.framework */,
			);
			name = Frameworks;
			sourceTree = "<group>";
		};
		D05FBA29B7F486BE00DF73B5 /* Pods */ = {
			isa = PBXGroup;
			children = (
				F4FB0DDC87AE774D07DB151C /* Pods-LottieApp.debug.xcconfig */,
				97E8002745DDA8FC317F787B /* Pods-LottieApp.release.xcconfig */,
				F211F05D7F89234AECCA6E4B /* Pods-LottieApp-LottieAppUITests.debug.xcconfig */,
				BA64F14E973995222AB646EA /* Pods-LottieApp-LottieAppUITests.release.xcconfig */,
				32D54B1FC51DEFD08984934F /* Pods-LottieAppTests.debug.xcconfig */,
				DD5F36955D25B645BCD6B17B /* Pods-LottieAppTests.release.xcconfig */,
			);
			path = Pods;
			sourceTree = "<group>";
		};
		E7759410280A5FD600EE7E04 = {
			isa = PBXGroup;
			children = (
				E775941B280A5FD600EE7E04 /* LottieApp */,
				E7759432280A5FD800EE7E04 /* LottieAppTests */,
				E775943C280A5FD800EE7E04 /* LottieAppUITests */,
				E775941A280A5FD600EE7E04 /* Products */,
				D05FBA29B7F486BE00DF73B5 /* Pods */,
				3B1899963B238BCD37C77CB3 /* Frameworks */,
			);
			sourceTree = "<group>";
		};
		E775941A280A5FD600EE7E04 /* Products */ = {
			isa = PBXGroup;
			children = (
				E7759419280A5FD600EE7E04 /* LottieApp.app */,
				E775942F280A5FD800EE7E04 /* LottieAppTests.xctest */,
				E7759439280A5FD800EE7E04 /* LottieAppUITests.xctest */,
			);
			name = Products;
			sourceTree = "<group>";
		};
		E775941B280A5FD600EE7E04 /* LottieApp */ = {
			isa = PBXGroup;
			children = (
				E775941C280A5FD600EE7E04 /* AppDelegate.swift */,
				E775941E280A5FD600EE7E04 /* SceneDelegate.swift */,
				E7759420280A5FD600EE7E04 /* ViewController.swift */,
				E775944E280A635C00EE7E04 /* LottieAnimation.swift */,
				E775944C280A627A00EE7E04 /* cute-cat.json */,
				E7759450280A649C00EE7E04 /* infinity-loader.json */,
				E7759422280A5FD600EE7E04 /* Main.storyboard */,
				E7759425280A5FD700EE7E04 /* Assets.xcassets */,
				E7759427280A5FD700EE7E04 /* LaunchScreen.storyboard */,
				E775942A280A5FD700EE7E04 /* Info.plist */,
			);
			path = LottieApp;
			sourceTree = "<group>";
		};
		E7759432280A5FD800EE7E04 /* LottieAppTests */ = {
			isa = PBXGroup;
			children = (
				E7759433280A5FD800EE7E04 /* LottieAppTests.swift */,
			);
			path = LottieAppTests;
			sourceTree = "<group>";
		};
		E775943C280A5FD800EE7E04 /* LottieAppUITests */ = {
			isa = PBXGroup;
			children = (
				E775943D280A5FD800EE7E04 /* LottieAppUITests.swift */,
				E775943F280A5FD800EE7E04 /* LottieAppUITestsLaunchTests.swift */,
			);
			path = LottieAppUITests;
			sourceTree = "<group>";
		};
/* End PBXGroup section */

/* Begin PBXNativeTarget section */
		E7759418280A5FD600EE7E04 /* LottieApp */ = {
			isa = PBXNativeTarget;
			buildConfigurationList = E7759443280A5FD800EE7E04 /* Build configuration list for PBXNativeTarget "LottieApp" */;
			buildPhases = (
				DD7E74459360E2841DBD76E3 /* [CP] Check Pods Manifest.lock */,
				E7759415280A5FD600EE7E04 /* Sources */,
				E7759416280A5FD600EE7E04 /* Frameworks */,
				E7759417280A5FD600EE7E04 /* Resources */,
				8664E99775B744284981EC60 /* [CP] Embed Pods Frameworks */,
			);
			buildRules = (
			);
			dependencies = (
			);
			name = LottieApp;
			productName = LottieApp;
			productReference = E7759419280A5FD600EE7E04 /* LottieApp.app */;
			productType = "com.apple.product-type.application";
		};
		E775942E280A5FD800EE7E04 /* LottieAppTests */ = {
			isa = PBXNativeTarget;
			buildConfigurationList = E7759446280A5FD800EE7E04 /* Build configuration list for PBXNativeTarget "LottieAppTests" */;
			buildPhases = (
				2B3DBD27C600DBBEA4FB0A9A /* [CP] Check Pods Manifest.lock */,
				E775942B280A5FD800EE7E04 /* Sources */,
				E775942C280A5FD800EE7E04 /* Frameworks */,
				E775942D280A5FD800EE7E04 /* Resources */,
			);
			buildRules = (
			);
			dependencies = (
				E7759431280A5FD800EE7E04 /* PBXTargetDependency */,
			);
			name = LottieAppTests;
			productName = LottieAppTests;
			productReference = E775942F280A5FD800EE7E04 /* LottieAppTests.xctest */;
			productType = "com.apple.product-type.bundle.unit-test";
		};
		E7759438280A5FD800EE7E04 /* LottieAppUITests */ = {
			isa = PBXNativeTarget;
			buildConfigurationList = E7759449280A5FD800EE7E04 /* Build configuration list for PBXNativeTarget "LottieAppUITests" */;
			buildPhases = (
				CD0924D312F0F66B6D84BF1F /* [CP] Check Pods Manifest.lock */,
				E7759435280A5FD800EE7E04 /* Sources */,
				E7759436280A5FD800EE7E04 /* Frameworks */,
				E7759437280A5FD800EE7E04 /* Resources */,
				2BE166A92FE22A26E5E34F26 /* [CP] Embed Pods Frameworks */,
			);
			buildRules = (
			);
			dependencies = (
				E775943B280A5FD800EE7E04 /* PBXTargetDependency */,
			);
			name = LottieAppUITests;
			productName = LottieAppUITests;
			productReference = E7759439280A5FD800EE7E04 /* LottieAppUITests.xctest */;
			productType = "com.apple.product-type.bundle.ui-testing";
		};
/* End PBXNativeTarget section */

/* Begin PBXProject section */
		E7759411280A5FD600EE7E04 /* Project object */ = {
			isa = PBXProject;
			attributes = {
				BuildIndependentTargetsInParallel = 1;
				LastSwiftUpdateCheck = 1330;
				LastUpgradeCheck = 1330;
				TargetAttributes = {
					E7759418280A5FD600EE7E04 = {
						CreatedOnToolsVersion = 13.3;
					};
					E775942E280A5FD800EE7E04 = {
						CreatedOnToolsVersion = 13.3;
						TestTargetID = E7759418280A5FD600EE7E04;
					};
					E7759438280A5FD800EE7E04 = {
						CreatedOnToolsVersion = 13.3;
						TestTargetID = E7759418280A5FD600EE7E04;
					};
				};
			};
			buildConfigurationList = E7759414280A5FD600EE7E04 /* Build configuration list for PBXProject "LottieApp" */;
			compatibilityVersion = "Xcode 13.0";
			developmentRegion = en;
			hasScannedForEncodings = 0;
			knownRegions = (
				en,
				Base,
			);
			mainGroup = E7759410280A5FD600EE7E04;
			productRefGroup = E775941A280A5FD600EE7E04 /* Products */;
			projectDirPath = "";
			projectRoot = "";
			targets = (
				E7759418280A5FD600EE7E04 /* LottieApp */,
				E775942E280A5FD800EE7E04 /* LottieAppTests */,
				E7759438280A5FD800EE7E04 /* LottieAppUITests */,
			);
		};
/* End PBXProject section */

/* Begin PBXResourcesBuildPhase section */
		E7759417280A5FD600EE7E04 /* Resources */ = {
			isa = PBXResourcesBuildPhase;
			buildActionMask = 2147483647;
			files = (
				E7759429280A5FD700EE7E04 /* LaunchScreen.storyboard in Resources */,
				E7759426280A5FD700EE7E04 /* Assets.xcassets in Resources */,
				E7759451280A649C00EE7E04 /* infinity-loader.json in Resources */,
				E7759424280A5FD600EE7E04 /* Main.storyboard in Resources */,
				E775944D280A627A00EE7E04 /* cute-cat.json in Resources */,
			);
			runOnlyForDeploymentPostprocessing = 0;
		};
		E775942D280A5FD800EE7E04 /* Resources */ = {
			isa = PBXResourcesBuildPhase;
			buildActionMask = 2147483647;
			files = (
			);
			runOnlyForDeploymentPostprocessing = 0;
		};
		E7759437280A5FD800EE7E04 /* Resources */ = {
			isa = PBXResourcesBuildPhase;
			buildActionMask = 2147483647;
			files = (
			);
			runOnlyForDeploymentPostprocessing = 0;
		};
/* End PBXResourcesBuildPhase section */

/* Begin PBXShellScriptBuildPhase section */
		2B3DBD27C600DBBEA4FB0A9A /* [CP] Check Pods Manifest.lock */ = {
			isa = PBXShellScriptBuildPhase;
			buildActionMask = 2147483647;
			files = (
			);
			inputFileListPaths = (
			);
			inputPaths = (
				"${PODS_PODFILE_DIR_PATH}/Podfile.lock",
				"${PODS_ROOT}/Manifest.lock",
			);
			name = "[CP] Check Pods Manifest.lock";
			outputFileListPaths = (
			);
			outputPaths = (
				"$(DERIVED_FILE_DIR)/Pods-LottieAppTests-checkManifestLockResult.txt",
			);
			runOnlyForDeploymentPostprocessing = 0;
			shellPath = /bin/sh;
			shellScript = "diff \"${PODS_PODFILE_DIR_PATH}/Podfile.lock\" \"${PODS_ROOT}/Manifest.lock\" > /dev/null\nif [ $? != 0 ] ; then\n    # print error to STDERR\n    echo \"error: The sandbox is not in sync with the Podfile.lock. Run 'pod install' or update your CocoaPods installation.\" >&2\n    exit 1\nfi\n# This output is used by Xcode 'outputs' to avoid re-running this script phase.\necho \"SUCCESS\" > \"${SCRIPT_OUTPUT_FILE_0}\"\n";
			showEnvVarsInLog = 0;
		};
		2BE166A92FE22A26E5E34F26 /* [CP] Embed Pods Frameworks */ = {
			isa = PBXShellScriptBuildPhase;
			buildActionMask = 2147483647;
			files = (
			);
			inputFileListPaths = (
				"${PODS_ROOT}/Target Support Files/Pods-LottieApp-LottieAppUITests/Pods-LottieApp-LottieAppUITests-frameworks-${CONFIGURATION}-input-files.xcfilelist",
			);
			name = "[CP] Embed Pods Frameworks";
			outputFileListPaths = (
				"${PODS_ROOT}/Target Support Files/Pods-LottieApp-LottieAppUITests/Pods-LottieApp-LottieAppUITests-frameworks-${CONFIGURATION}-output-files.xcfilelist",
			);
			runOnlyForDeploymentPostprocessing = 0;
			shellPath = /bin/sh;
			shellScript = "\"${PODS_ROOT}/Target Support Files/Pods-LottieApp-LottieAppUITests/Pods-LottieApp-LottieAppUITests-frameworks.sh\"\n";
			showEnvVarsInLog = 0;
		};
		8664E99775B744284981EC60 /* [CP] Embed Pods Frameworks */ = {
			isa = PBXShellScriptBuildPhase;
			buildActionMask = 2147483647;
			files = (
			);
			inputFileListPaths = (
				"${PODS_ROOT}/Target Support Files/Pods-LottieApp/Pods-LottieApp-frameworks-${CONFIGURATION}-input-files.xcfilelist",
			);
			name = "[CP] Embed Pods Frameworks";
			outputFileListPaths = (
				"${PODS_ROOT}/Target Support Files/Pods-LottieApp/Pods-LottieApp-frameworks-${CONFIGURATION}-output-files.xcfilelist",
			);
			runOnlyForDeploymentPostprocessing = 0;
			shellPath = /bin/sh;
			shellScript = "\"${PODS_ROOT}/Target Support Files/Pods-LottieApp/Pods-LottieApp-frameworks.sh\"\n";
			showEnvVarsInLog = 0;
		};
		CD0924D312F0F66B6D84BF1F /* [CP] Check Pods Manifest.lock */ = {
			isa = PBXShellScriptBuildPhase;
			buildActionMask = 2147483647;
			files = (
			);
			inputFileListPaths = (
			);
			inputPaths = (
				"${PODS_PODFILE_DIR_PATH}/Podfile.lock",
				"${PODS_ROOT}/Manifest.lock",
			);
			name = "[CP] Check Pods Manifest.lock";
			outputFileListPaths = (
			);
			outputPaths = (
				"$(DERIVED_FILE_DIR)/Pods-LottieApp-LottieAppUITests-checkManifestLockResult.txt",
			);
			runOnlyForDeploymentPostprocessing = 0;
			shellPath = /bin/sh;
			shellScript = "diff \"${PODS_PODFILE_DIR_PATH}/Podfile.lock\" \"${PODS_ROOT}/Manifest.lock\" > /dev/null\nif [ $? != 0 ] ; then\n    # print error to STDERR\n    echo \"error: The sandbox is not in sync with the Podfile.lock. Run 'pod install' or update your CocoaPods installation.\" >&2\n    exit 1\nfi\n# This output is used by Xcode 'outputs' to avoid re-running this script phase.\necho \"SUCCESS\" > \"${SCRIPT_OUTPUT_FILE_0}\"\n";
			showEnvVarsInLog = 0;
		};
		DD7E74459360E2841DBD76E3 /* [CP] Check Pods Manifest.lock */ = {
			isa = PBXShellScriptBuildPhase;
			buildActionMask = 2147483647;
			files = (
			);
			inputFileListPaths = (
			);
			inputPaths = (
				"${PODS_PODFILE_DIR_PATH}/Podfile.lock",
				"${PODS_ROOT}/Manifest.lock",
			);
			name = "[CP] Check Pods Manifest.lock";
			outputFileListPaths = (
			);
			outputPaths = (
				"$(DERIVED_FILE_DIR)/Pods-LottieApp-checkManifestLockResult.txt",
			);
			runOnlyForDeploymentPostprocessing = 0;
			shellPath = /bin/sh;
			shellScript = "diff \"${PODS_PODFILE_DIR_PATH}/Podfile.lock\" \"${PODS_ROOT}/Manifest.lock\" > /dev/null\nif [ $? != 0 ] ; then\n    # print error to STDERR\n    echo \"error: The sandbox is not in sync with the Podfile.lock. Run 'pod install' or update your CocoaPods installation.\" >&2\n    exit 1\nfi\n# This output is used by Xcode 'outputs' to avoid re-running this script phase.\necho \"SUCCESS\" > \"${SCRIPT_OUTPUT_FILE_0}\"\n";
			showEnvVarsInLog = 0;
		};
/* End PBXShellScriptBuildPhase section */

/* Begin PBXSourcesBuildPhase section */
		E7759415280A5FD600EE7E04 /* Sources */ = {
			isa = PBXSourcesBuildPhase;
			buildActionMask = 2147483647;
			files = (
				E7759421280A5FD600EE7E04 /* ViewController.swift in Sources */,
				E775944F280A635C00EE7E04 /* LottieAnimation.swift in Sources */,
				E775941D280A5FD600EE7E04 /* AppDelegate.swift in Sources */,
				E775941F280A5FD600EE7E04 /* SceneDelegate.swift in Sources */,
			);
			runOnlyForDeploymentPostprocessing = 0;
		};
		E775942B280A5FD800EE7E04 /* Sources */ = {
			isa = PBXSourcesBuildPhase;
			buildActionMask = 2147483647;
			files = (
				E7759434280A5FD800EE7E04 /* LottieAppTests.swift in Sources */,
			);
			runOnlyForDeploymentPostprocessing = 0;
		};
		E7759435280A5FD800EE7E04 /* Sources */ = {
			isa = PBXSourcesBuildPhase;
			buildActionMask = 2147483647;
			files = (
				E775943E280A5FD800EE7E04 /* LottieAppUITests.swift in Sources */,
				E7759440280A5FD800EE7E04 /* LottieAppUITestsLaunchTests.swift in Sources */,
			);
			runOnlyForDeploymentPostprocessing = 0;
		};
/* End PBXSourcesBuildPhase section */

/* Begin PBXTargetDependency section */
		E7759431280A5FD800EE7E04 /* PBXTargetDependency */ = {
			isa = PBXTargetDependency;
			target = E7759418280A5FD600EE7E04 /* LottieApp */;
			targetProxy = E7759430280A5FD800EE7E04 /* PBXContainerItemProxy */;
		};
		E775943B280A5FD800EE7E04 /* PBXTargetDependency */ = {
			isa = PBXTargetDependency;
			target = E7759418280A5FD600EE7E04 /* LottieApp */;
			targetProxy = E775943A280A5FD800EE7E04 /* PBXContainerItemProxy */;
		};
/* End PBXTargetDependency section */

/* Begin PBXVariantGroup section */
		E7759422280A5FD600EE7E04 /* Main.storyboard */ = {
			isa = PBXVariantGroup;
			children = (
				E7759423280A5FD600EE7E04 /* Base */,
			);
			name = Main.storyboard;
			sourceTree = "<group>";
		};
		E7759427280A5FD700EE7E04 /* LaunchScreen.storyboard */ = {
			isa = PBXVariantGroup;
			children = (
				E7759428280A5FD700EE7E04 /* Base */,
			);
			name = LaunchScreen.storyboard;
			sourceTree = "<group>";
		};
/* End PBXVariantGroup section */

/* Begin XCBuildConfiguration section */
		E7759441280A5FD800EE7E04 /* Debug */ = {
			isa = XCBuildConfiguration;
			buildSettings = {
				ALWAYS_SEARCH_USER_PATHS = NO;
				CLANG_ANALYZER_NONNULL = YES;
				CLANG_ANALYZER_NUMBER_OBJECT_CONVERSION = YES_AGGRESSIVE;
				CLANG_CXX_LANGUAGE_STANDARD = "gnu++17";
				CLANG_ENABLE_MODULES = YES;
				CLANG_ENABLE_OBJC_ARC = YES;
				CLANG_ENABLE_OBJC_WEAK = YES;
				CLANG_WARN_BLOCK_CAPTURE_AUTORELEASING = YES;
				CLANG_WARN_BOOL_CONVERSION = YES;
				CLANG_WARN_COMMA = YES;
				CLANG_WARN_CONSTANT_CONVERSION = YES;
				CLANG_WARN_DEPRECATED_OBJC_IMPLEMENTATIONS = YES;
				CLANG_WARN_DIRECT_OBJC_ISA_USAGE = YES_ERROR;
				CLANG_WARN_DOCUMENTATION_COMMENTS = YES;
				CLANG_WARN_EMPTY_BODY = YES;
				CLANG_WARN_ENUM_CONVERSION = YES;
				CLANG_WARN_INFINITE_RECURSION = YES;
				CLANG_WARN_INT_CONVERSION = YES;
				CLANG_WARN_NON_LITERAL_NULL_CONVERSION = YES;
				CLANG_WARN_OBJC_IMPLICIT_RETAIN_SELF = YES;
				CLANG_WARN_OBJC_LITERAL_CONVERSION = YES;
				CLANG_WARN_OBJC_ROOT_CLASS = YES_ERROR;
				CLANG_WARN_QUOTED_INCLUDE_IN_FRAMEWORK_HEADER = YES;
				CLANG_WARN_RANGE_LOOP_ANALYSIS = YES;
				CLANG_WARN_STRICT_PROTOTYPES = YES;
				CLANG_WARN_SUSPICIOUS_MOVE = YES;
				CLANG_WARN_UNGUARDED_AVAILABILITY = YES_AGGRESSIVE;
				CLANG_WARN_UNREACHABLE_CODE = YES;
				CLANG_WARN__DUPLICATE_METHOD_MATCH = YES;
				COPY_PHASE_STRIP = NO;
				DEBUG_INFORMATION_FORMAT = dwarf;
				ENABLE_STRICT_OBJC_MSGSEND = YES;
				ENABLE_TESTABILITY = YES;
				GCC_C_LANGUAGE_STANDARD = gnu11;
				GCC_DYNAMIC_NO_PIC = NO;
				GCC_NO_COMMON_BLOCKS = YES;
				GCC_OPTIMIZATION_LEVEL = 0;
				GCC_PREPROCESSOR_DEFINITIONS = (
					"DEBUG=1",
					"$(inherited)",
				);
				GCC_WARN_64_TO_32_BIT_CONVERSION = YES;
				GCC_WARN_ABOUT_RETURN_TYPE = YES_ERROR;
				GCC_WARN_UNDECLARED_SELECTOR = YES;
				GCC_WARN_UNINITIALIZED_AUTOS = YES_AGGRESSIVE;
				GCC_WARN_UNUSED_FUNCTION = YES;
				GCC_WARN_UNUSED_VARIABLE = YES;
				IPHONEOS_DEPLOYMENT_TARGET = 15.4;
				MTL_ENABLE_DEBUG_INFO = INCLUDE_SOURCE;
				MTL_FAST_MATH = YES;
				ONLY_ACTIVE_ARCH = YES;
				SDKROOT = iphoneos;
				SWIFT_ACTIVE_COMPILATION_CONDITIONS = DEBUG;
				SWIFT_OPTIMIZATION_LEVEL = "-Onone";
			};
			name = Debug;
		};
		E7759442280A5FD800EE7E04 /* Release */ = {
			isa = XCBuildConfiguration;
			buildSettings = {
				ALWAYS_SEARCH_USER_PATHS = NO;
				CLANG_ANALYZER_NONNULL = YES;
				CLANG_ANALYZER_NUMBER_OBJECT_CONVERSION = YES_AGGRESSIVE;
				CLANG_CXX_LANGUAGE_STANDARD = "gnu++17";
				CLANG_ENABLE_MODULES = YES;
				CLANG_ENABLE_OBJC_ARC = YES;
				CLANG_ENABLE_OBJC_WEAK = YES;
				CLANG_WARN_BLOCK_CAPTURE_AUTORELEASING = YES;
				CLANG_WARN_BOOL_CONVERSION = YES;
				CLANG_WARN_COMMA = YES;
				CLANG_WARN_CONSTANT_CONVERSION = YES;
				CLANG_WARN_DEPRECATED_OBJC_IMPLEMENTATIONS = YES;
				CLANG_WARN_DIRECT_OBJC_ISA_USAGE = YES_ERROR;
				CLANG_WARN_DOCUMENTATION_COMMENTS = YES;
				CLANG_WARN_EMPTY_BODY = YES;
				CLANG_WARN_ENUM_CONVERSION = YES;
				CLANG_WARN_INFINITE_RECURSION = YES;
				CLANG_WARN_INT_CONVERSION = YES;
				CLANG_WARN_NON_LITERAL_NULL_CONVERSION = YES;
				CLANG_WARN_OBJC_IMPLICIT_RETAIN_SELF = YES;
				CLANG_WARN_OBJC_LITERAL_CONVERSION = YES;
				CLANG_WARN_OBJC_ROOT_CLASS = YES_ERROR;
				CLANG_WARN_QUOTED_INCLUDE_IN_FRAMEWORK_HEADER = YES;
				CLANG_WARN_RANGE_LOOP_ANALYSIS = YES;
				CLANG_WARN_STRICT_PROTOTYPES = YES;
				CLANG_WARN_SUSPICIOUS_MOVE = YES;
				CLANG_WARN_UNGUARDED_AVAILABILITY = YES_AGGRESSIVE;
				CLANG_WARN_UNREACHABLE_CODE = YES;
				CLANG_WARN__DUPLICATE_METHOD_MATCH = YES;
				COPY_PHASE_STRIP = NO;
				DEBUG_INFORMATION_FORMAT = "dwarf-with-dsym";
				ENABLE_NS_ASSERTIONS = NO;
				ENABLE_STRICT_OBJC_MSGSEND = YES;
				GCC_C_LANGUAGE_STANDARD = gnu11;
				GCC_NO_COMMON_BLOCKS = YES;
				GCC_WARN_64_TO_32_BIT_CONVERSION = YES;
				GCC_WARN_ABOUT_RETURN_TYPE = YES_ERROR;
				GCC_WARN_UNDECLARED_SELECTOR = YES;
				GCC_WARN_UNINITIALIZED_AUTOS = YES_AGGRESSIVE;
				GCC_WARN_UNUSED_FUNCTION = YES;
				GCC_WARN_UNUSED_VARIABLE = YES;
				IPHONEOS_DEPLOYMENT_TARGET = 15.4;
				MTL_ENABLE_DEBUG_INFO = NO;
				MTL_FAST_MATH = YES;
				SDKROOT = iphoneos;
				SWIFT_COMPILATION_MODE = wholemodule;
				SWIFT_OPTIMIZATION_LEVEL = "-O";
				VALIDATE_PRODUCT = YES;
			};
			name = Release;
		};
		E7759444280A5FD800EE7E04 /* Debug */ = {
			isa = XCBuildConfiguration;
			baseConfigurationReference = F4FB0DDC87AE774D07DB151C /* Pods-LottieApp.debug.xcconfig */;
			buildSettings = {
				ASSETCATALOG_COMPILER_APPICON_NAME = AppIcon;
				ASSETCATALOG_COMPILER_GLOBAL_ACCENT_COLOR_NAME = AccentColor;
				CODE_SIGN_STYLE = Automatic;
				CURRENT_PROJECT_VERSION = 1;
				DEVELOPMENT_TEAM = 8B7B77U382;
				GENERATE_INFOPLIST_FILE = YES;
				INFOPLIST_FILE = LottieApp/Info.plist;
				INFOPLIST_KEY_UIApplicationSupportsIndirectInputEvents = YES;
				INFOPLIST_KEY_UILaunchStoryboardName = LaunchScreen;
				INFOPLIST_KEY_UIMainStoryboardFile = Main;
				INFOPLIST_KEY_UISupportedInterfaceOrientations_iPad = "UIInterfaceOrientationPortrait UIInterfaceOrientationPortraitUpsideDown UIInterfaceOrientationLandscapeLeft UIInterfaceOrientationLandscapeRight";
				INFOPLIST_KEY_UISupportedInterfaceOrientations_iPhone = "UIInterfaceOrientationPortrait UIInterfaceOrientationLandscapeLeft UIInterfaceOrientationLandscapeRight";
				LD_RUNPATH_SEARCH_PATHS = (
					"$(inherited)",
					"@executable_path/Frameworks",
				);
				MARKETING_VERSION = 1.0;
				PRODUCT_BUNDLE_IDENTIFIER = Rotate.LottieApp;
				PRODUCT_NAME = "$(TARGET_NAME)";
				SWIFT_EMIT_LOC_STRINGS = YES;
				SWIFT_VERSION = 5.0;
				TARGETED_DEVICE_FAMILY = "1,2";
			};
			name = Debug;
		};
		E7759445280A5FD800EE7E04 /* Release */ = {
			isa = XCBuildConfiguration;
			baseConfigurationReference = 97E8002745DDA8FC317F787B /* Pods-LottieApp.release.xcconfig */;
			buildSettings = {
				ASSETCATALOG_COMPILER_APPICON_NAME = AppIcon;
				ASSETCATALOG_COMPILER_GLOBAL_ACCENT_COLOR_NAME = AccentColor;
				CODE_SIGN_STYLE = Automatic;
				CURRENT_PROJECT_VERSION = 1;
				DEVELOPMENT_TEAM = 8B7B77U382;
				GENERATE_INFOPLIST_FILE = YES;
				INFOPLIST_FILE = LottieApp/Info.plist;
				INFOPLIST_KEY_UIApplicationSupportsIndirectInputEvents = YES;
				INFOPLIST_KEY_UILaunchStoryboardName = LaunchScreen;
				INFOPLIST_KEY_UIMainStoryboardFile = Main;
				INFOPLIST_KEY_UISupportedInterfaceOrientations_iPad = "UIInterfaceOrientationPortrait UIInterfaceOrientationPortraitUpsideDown UIInterfaceOrientationLandscapeLeft UIInterfaceOrientationLandscapeRight";
				INFOPLIST_KEY_UISupportedInterfaceOrientations_iPhone = "UIInterfaceOrientationPortrait UIInterfaceOrientationLandscapeLeft UIInterfaceOrientationLandscapeRight";
				LD_RUNPATH_SEARCH_PATHS = (
					"$(inherited)",
					"@executable_path/Frameworks",
				);
				MARKETING_VERSION = 1.0;
				PRODUCT_BUNDLE_IDENTIFIER = Rotate.LottieApp;
				PRODUCT_NAME = "$(TARGET_NAME)";
				SWIFT_EMIT_LOC_STRINGS = YES;
				SWIFT_VERSION = 5.0;
				TARGETED_DEVICE_FAMILY = "1,2";
			};
			name = Release;
		};
		E7759447280A5FD800EE7E04 /* Debug */ = {
			isa = XCBuildConfiguration;
			baseConfigurationReference = 32D54B1FC51DEFD08984934F /* Pods-LottieAppTests.debug.xcconfig */;
			buildSettings = {
				ALWAYS_EMBED_SWIFT_STANDARD_LIBRARIES = YES;
				BUNDLE_LOADER = "$(TEST_HOST)";
				CODE_SIGN_STYLE = Automatic;
				CURRENT_PROJECT_VERSION = 1;
				DEVELOPMENT_TEAM = 8B7B77U382;
				GENERATE_INFOPLIST_FILE = YES;
				IPHONEOS_DEPLOYMENT_TARGET = 15.4;
				MARKETING_VERSION = 1.0;
				PRODUCT_BUNDLE_IDENTIFIER = Rotate.LottieAppTests;
				PRODUCT_NAME = "$(TARGET_NAME)";
				SWIFT_EMIT_LOC_STRINGS = NO;
				SWIFT_VERSION = 5.0;
				TARGETED_DEVICE_FAMILY = "1,2";
				TEST_HOST = "$(BUILT_PRODUCTS_DIR)/LottieApp.app/LottieApp";
			};
			name = Debug;
		};
		E7759448280A5FD800EE7E04 /* Release */ = {
			isa = XCBuildConfiguration;
			baseConfigurationReference = DD5F36955D25B645BCD6B17B /* Pods-LottieAppTests.release.xcconfig */;
			buildSettings = {
				ALWAYS_EMBED_SWIFT_STANDARD_LIBRARIES = YES;
				BUNDLE_LOADER = "$(TEST_HOST)";
				CODE_SIGN_STYLE = Automatic;
				CURRENT_PROJECT_VERSION = 1;
				DEVELOPMENT_TEAM = 8B7B77U382;
				GENERATE_INFOPLIST_FILE = YES;
				IPHONEOS_DEPLOYMENT_TARGET = 15.4;
				MARKETING_VERSION = 1.0;
				PRODUCT_BUNDLE_IDENTIFIER = Rotate.LottieAppTests;
				PRODUCT_NAME = "$(TARGET_NAME)";
				SWIFT_EMIT_LOC_STRINGS = NO;
				SWIFT_VERSION = 5.0;
				TARGETED_DEVICE_FAMILY = "1,2";
				TEST_HOST = "$(BUILT_PRODUCTS_DIR)/LottieApp.app/LottieApp";
			};
			name = Release;
		};
		E775944A280A5FD800EE7E04 /* Debug */ = {
			isa = XCBuildConfiguration;
			baseConfigurationReference = F211F05D7F89234AECCA6E4B /* Pods-LottieApp-LottieAppUITests.debug.xcconfig */;
			buildSettings = {
				ALWAYS_EMBED_SWIFT_STANDARD_LIBRARIES = YES;
				CODE_SIGN_STYLE = Automatic;
				CURRENT_PROJECT_VERSION = 1;
				DEVELOPMENT_TEAM = 8B7B77U382;
				GENERATE_INFOPLIST_FILE = YES;
				MARKETING_VERSION = 1.0;
				PRODUCT_BUNDLE_IDENTIFIER = Rotate.LottieAppUITests;
				PRODUCT_NAME = "$(TARGET_NAME)";
				SWIFT_EMIT_LOC_STRINGS = NO;
				SWIFT_VERSION = 5.0;
				TARGETED_DEVICE_FAMILY = "1,2";
				TEST_TARGET_NAME = LottieApp;
			};
			name = Debug;
		};
		E775944B280A5FD800EE7E04 /* Release */ = {
			isa = XCBuildConfiguration;
			baseConfigurationReference = BA64F14E973995222AB646EA /* Pods-LottieApp-LottieAppUITests.release.xcconfig */;
			buildSettings = {
				ALWAYS_EMBED_SWIFT_STANDARD_LIBRARIES = YES;
				CODE_SIGN_STYLE = Automatic;
				CURRENT_PROJECT_VERSION = 1;
				DEVELOPMENT_TEAM = 8B7B77U382;
				GENERATE_INFOPLIST_FILE = YES;
				MARKETING_VERSION = 1.0;
				PRODUCT_BUNDLE_IDENTIFIER = Rotate.LottieAppUITests;
				PRODUCT_NAME = "$(TARGET_NAME)";
				SWIFT_EMIT_LOC_STRINGS = NO;
				SWIFT_VERSION = 5.0;
				TARGETED_DEVICE_FAMILY = "1,2";
				TEST_TARGET_NAME = LottieApp;
			};
			name = Release;
		};
/* End XCBuildConfiguration section */

/* Begin XCConfigurationList section */
		E7759414280A5FD600EE7E04 /* Build configuration list for PBXProject "LottieApp" */ = {
			isa = XCConfigurationList;
			buildConfigurations = (
				E7759441280A5FD800EE7E04 /* Debug */,
				E7759442280A5FD800EE7E04 /* Release */,
			);
			defaultConfigurationIsVisible = 0;
			defaultConfigurationName = Release;
		};
		E7759443280A5FD800EE7E04 /* Build configuration list for PBXNativeTarget "LottieApp" */ = {
			isa = XCConfigurationList;
			buildConfigurations = (
				E7759444280A5FD800EE7E04 /* Debug */,
				E7759445280A5FD800EE7E04 /* Release */,
			);
			defaultConfigurationIsVisible = 0;
			defaultConfigurationName = Release;
		};
		E7759446280A5FD800EE7E04 /* Build configuration list for PBXNativeTarget "LottieAppTests" */ = {
			isa = XCConfigurationList;
			buildConfigurations = (
				E7759447280A5FD800EE7E04 /* Debug */,
				E7759448280A5FD800EE7E04 /* Release */,
			);
			defaultConfigurationIsVisible = 0;
			defaultConfigurationName = Release;
		};
		E7759449280A5FD800EE7E04 /* Build configuration list for PBXNativeTarget "LottieAppUITests" */ = {
			isa = XCConfigurationList;
			buildConfigurations = (
				E775944A280A5FD800EE7E04 /* Debug */,
				E775944B280A5FD800EE7E04 /* Release */,
			);
			defaultConfigurationIsVisible = 0;
			defaultConfigurationName = Release;
		};
/* End XCConfigurationList section */
	};
	rootObject = E7759411280A5FD600EE7E04 /* Project object */;
}
